// !$*UTF8*$!
{
	archiveVersion = 1;
	classes = {
	};
	objectVersion = 46;
	objects = {

/* Begin PBXBuildFile section */
		2C49EFF719A07E8300FEAD50 /* StickyHeader.xib in Resources */ = {isa = PBXBuildFile; fileRef = 2C49EFF619A07E8300FEAD50 /* StickyHeader.xib */; };
		2C529B2219A5030E00610ED0 /* parallaxCell.swift in Sources */ = {isa = PBXBuildFile; fileRef = 2C529B2119A5030E00610ED0 /* parallaxCell.swift */; };
		2C99805719975EB700306F1C /* AppDelegate.swift in Sources */ = {isa = PBXBuildFile; fileRef = 2C99805619975EB700306F1C /* AppDelegate.swift */; };
		2C99805919975EB700306F1C /* ParallaxViewController.swift in Sources */ = {isa = PBXBuildFile; fileRef = 2C99805819975EB700306F1C /* ParallaxViewController.swift */; };
		2C99805C19975EB700306F1C /* Main.storyboard in Resources */ = {isa = PBXBuildFile; fileRef = 2C99805A19975EB700306F1C /* Main.storyboard */; };
		2C99806A19975EB800306F1C /* parallaxController_SwiftTests.swift in Sources */ = {isa = PBXBuildFile; fileRef = 2C99806919975EB800306F1C /* parallaxController_SwiftTests.swift */; };
		2C99807A19980D3200306F1C /* Images.xcassets in Resources */ = {isa = PBXBuildFile; fileRef = 2C99807919980D3200306F1C /* Images.xcassets */; };
		2C99807C19980F0700306F1C /* ParallaxHeaderLayout.swift in Sources */ = {isa = PBXBuildFile; fileRef = 2C99807B19980F0700306F1C /* ParallaxHeaderLayout.swift */; };
/* End PBXBuildFile section */

/* Begin PBXContainerItemProxy section */
		2C99806419975EB800306F1C /* PBXContainerItemProxy */ = {
			isa = PBXContainerItemProxy;
			containerPortal = 2C99804919975EB700306F1C /* Project object */;
			proxyType = 1;
			remoteGlobalIDString = 2C99805019975EB700306F1C;
			remoteInfo = parallaxController_Swift;
		};
/* End PBXContainerItemProxy section */

/* Begin PBXFileReference section */
		2C49EFF619A07E8300FEAD50 /* StickyHeader.xib */ = {isa = PBXFileReference; fileEncoding = 4; lastKnownFileType = file.xib; path = StickyHeader.xib; sourceTree = "<group>"; };
		2C529B2119A5030E00610ED0 /* parallaxCell.swift */ = {isa = PBXFileReference; fileEncoding = 4; lastKnownFileType = sourcecode.swift; path = parallaxCell.swift; sourceTree = "<group>"; };
		2C99805119975EB700306F1C /* parallaxController_Swift.app */ = {isa = PBXFileReference; explicitFileType = wrapper.application; includeInIndex = 0; path = parallaxController_Swift.app; sourceTree = BUILT_PRODUCTS_DIR; };
		2C99805519975EB700306F1C /* Info.plist */ = {isa = PBXFileReference; lastKnownFileType = text.plist.xml; path = Info.plist; sourceTree = "<group>"; };
		2C99805619975EB700306F1C /* AppDelegate.swift */ = {isa = PBXFileReference; lastKnownFileType = sourcecode.swift; path = AppDelegate.swift; sourceTree = "<group>"; };
		2C99805819975EB700306F1C /* ParallaxViewController.swift */ = {isa = PBXFileReference; lastKnownFileType = sourcecode.swift; path = ParallaxViewController.swift; sourceTree = "<group>"; };
		2C99805B19975EB700306F1C /* Base */ = {isa = PBXFileReference; lastKnownFileType = file.storyboard; name = Base; path = Base.lproj/Main.storyboard; sourceTree = "<group>"; };
		2C99806319975EB800306F1C /* parallaxController_SwiftTests.xctest */ = {isa = PBXFileReference; explicitFileType = wrapper.cfbundle; includeInIndex = 0; path = parallaxController_SwiftTests.xctest; sourceTree = BUILT_PRODUCTS_DIR; };
		2C99806819975EB800306F1C /* Info.plist */ = {isa = PBXFileReference; lastKnownFileType = text.plist.xml; path = Info.plist; sourceTree = "<group>"; };
		2C99806919975EB800306F1C /* parallaxController_SwiftTests.swift */ = {isa = PBXFileReference; lastKnownFileType = sourcecode.swift; path = parallaxController_SwiftTests.swift; sourceTree = "<group>"; };
		2C99807919980D3200306F1C /* Images.xcassets */ = {isa = PBXFileReference; lastKnownFileType = folder.assetcatalog; path = Images.xcassets; sourceTree = "<group>"; };
		2C99807B19980F0700306F1C /* ParallaxHeaderLayout.swift */ = {isa = PBXFileReference; fileEncoding = 4; lastKnownFileType = sourcecode.swift; path = ParallaxHeaderLayout.swift; sourceTree = "<group>"; };
/* End PBXFileReference section */

/* Begin PBXFrameworksBuildPhase section */
		2C99804E19975EB700306F1C /* Frameworks */ = {
			isa = PBXFrameworksBuildPhase;
			buildActionMask = 2147483647;
			files = (
			);
			runOnlyForDeploymentPostprocessing = 0;
		};
		2C99806019975EB800306F1C /* Frameworks */ = {
			isa = PBXFrameworksBuildPhase;
			buildActionMask = 2147483647;
			files = (
			);
			runOnlyForDeploymentPostprocessing = 0;
		};
/* End PBXFrameworksBuildPhase section */

/* Begin PBXGroup section */
		2C99804819975EB700306F1C = {
			isa = PBXGroup;
			children = (
				2C99805319975EB700306F1C /* parallaxController_Swift */,
				2C99806619975EB800306F1C /* parallaxController_SwiftTests */,
				2C99805219975EB700306F1C /* Products */,
			);
			sourceTree = "<group>";
		};
		2C99805219975EB700306F1C /* Products */ = {
			isa = PBXGroup;
			children = (
				2C99805119975EB700306F1C /* parallaxController_Swift.app */,
				2C99806319975EB800306F1C /* parallaxController_SwiftTests.xctest */,
			);
			name = Products;
			sourceTree = "<group>";
		};
		2C99805319975EB700306F1C /* parallaxController_Swift */ = {
			isa = PBXGroup;
			children = (
				2C99807619980CEC00306F1C /* ParallaxHeaderLayout */,
				2C9980751998080D00306F1C /* Cells */,
				2C99805619975EB700306F1C /* AppDelegate.swift */,
				2C529B2119A5030E00610ED0 /* parallaxCell.swift */,
				2C99805819975EB700306F1C /* ParallaxViewController.swift */,
				2C99805A19975EB700306F1C /* Main.storyboard */,
				2C99807919980D3200306F1C /* Images.xcassets */,
				2C99805419975EB700306F1C /* Supporting Files */,
			);
			path = parallaxController_Swift;
			sourceTree = "<group>";
		};
		2C99805419975EB700306F1C /* Supporting Files */ = {
			isa = PBXGroup;
			children = (
				2C99805519975EB700306F1C /* Info.plist */,
			);
			name = "Supporting Files";
			sourceTree = "<group>";
		};
		2C99806619975EB800306F1C /* parallaxController_SwiftTests */ = {
			isa = PBXGroup;
			children = (
				2C99806919975EB800306F1C /* parallaxController_SwiftTests.swift */,
				2C99806719975EB800306F1C /* Supporting Files */,
			);
			path = parallaxController_SwiftTests;
			sourceTree = "<group>";
		};
		2C99806719975EB800306F1C /* Supporting Files */ = {
			isa = PBXGroup;
			children = (
				2C99806819975EB800306F1C /* Info.plist */,
			);
			name = "Supporting Files";
			sourceTree = "<group>";
		};
		2C9980751998080D00306F1C /* Cells */ = {
			isa = PBXGroup;
			children = (
			);
			name = Cells;
			sourceTree = "<group>";
		};
		2C99807619980CEC00306F1C /* ParallaxHeaderLayout */ = {
			isa = PBXGroup;
			children = (
				2C99807B19980F0700306F1C /* ParallaxHeaderLayout.swift */,
				2C49EFF619A07E8300FEAD50 /* StickyHeader.xib */,
			);
			name = ParallaxHeaderLayout;
			sourceTree = "<group>";
		};
/* End PBXGroup section */

/* Begin PBXNativeTarget section */
		2C99805019975EB700306F1C /* parallaxController_Swift */ = {
			isa = PBXNativeTarget;
			buildConfigurationList = 2C99806D19975EB800306F1C /* Build configuration list for PBXNativeTarget "parallaxController_Swift" */;
			buildPhases = (
				2C99804D19975EB700306F1C /* Sources */,
				2C99804E19975EB700306F1C /* Frameworks */,
				2C99804F19975EB700306F1C /* Resources */,
			);
			buildRules = (
			);
			dependencies = (
			);
			name = parallaxController_Swift;
			productName = parallaxController_Swift;
			productReference = 2C99805119975EB700306F1C /* parallaxController_Swift.app */;
			productType = "com.apple.product-type.application";
		};
		2C99806219975EB800306F1C /* parallaxController_SwiftTests */ = {
			isa = PBXNativeTarget;
			buildConfigurationList = 2C99807019975EB800306F1C /* Build configuration list for PBXNativeTarget "parallaxController_SwiftTests" */;
			buildPhases = (
				2C99805F19975EB800306F1C /* Sources */,
				2C99806019975EB800306F1C /* Frameworks */,
				2C99806119975EB800306F1C /* Resources */,
			);
			buildRules = (
			);
			dependencies = (
				2C99806519975EB800306F1C /* PBXTargetDependency */,
			);
			name = parallaxController_SwiftTests;
			productName = parallaxController_SwiftTests;
			productReference = 2C99806319975EB800306F1C /* parallaxController_SwiftTests.xctest */;
			productType = "com.apple.product-type.bundle.unit-test";
		};
/* End PBXNativeTarget section */

/* Begin PBXProject section */
		2C99804919975EB700306F1C /* Project object */ = {
			isa = PBXProject;
			attributes = {
				LastUpgradeCheck = 0600;
				ORGANIZATIONNAME = "Jeswanth Bonthu";
				TargetAttributes = {
					2C99805019975EB700306F1C = {
						CreatedOnToolsVersion = 6.0;
					};
					2C99806219975EB800306F1C = {
						CreatedOnToolsVersion = 6.0;
						TestTargetID = 2C99805019975EB700306F1C;
					};
				};
			};
			buildConfigurationList = 2C99804C19975EB700306F1C /* Build configuration list for PBXProject "parallaxController_Swift" */;
			compatibilityVersion = "Xcode 3.2";
			developmentRegion = English;
			hasScannedForEncodings = 0;
			knownRegions = (
				en,
				Base,
			);
			mainGroup = 2C99804819975EB700306F1C;
			productRefGroup = 2C99805219975EB700306F1C /* Products */;
			projectDirPath = "";
			projectRoot = "";
			targets = (
				2C99805019975EB700306F1C /* parallaxController_Swift */,
				2C99806219975EB800306F1C /* parallaxController_SwiftTests */,
			);
		};
/* End PBXProject section */

/* Begin PBXResourcesBuildPhase section */
		2C99804F19975EB700306F1C /* Resources */ = {
			isa = PBXResourcesBuildPhase;
			buildActionMask = 2147483647;
			files = (
				2C49EFF719A07E8300FEAD50 /* StickyHeader.xib in Resources */,
				2C99807A19980D3200306F1C /* Images.xcassets in Resources */,
				2C99805C19975EB700306F1C /* Main.storyboard in Resources */,
			);
			runOnlyForDeploymentPostprocessing = 0;
		};
		2C99806119975EB800306F1C /* Resources */ = {
			isa = PBXResourcesBuildPhase;
			buildActionMask = 2147483647;
			files = (
			);
			runOnlyForDeploymentPostprocessing = 0;
		};
/* End PBXResourcesBuildPhase section */

/* Begin PBXSourcesBuildPhase section */
		2C99804D19975EB700306F1C /* Sources */ = {
			isa = PBXSourcesBuildPhase;
			buildActionMask = 2147483647;
			files = (
				2C99807C19980F0700306F1C /* ParallaxHeaderLayout.swift in Sources */,
				2C99805919975EB700306F1C /* ParallaxViewController.swift in Sources */,
				2C529B2219A5030E00610ED0 /* parallaxCell.swift in Sources */,
				2C99805719975EB700306F1C /* AppDelegate.swift in Sources */,
			);
			runOnlyForDeploymentPostprocessing = 0;
		};
		2C99805F19975EB800306F1C /* Sources */ = {
			isa = PBXSourcesBuildPhase;
			buildActionMask = 2147483647;
			files = (
				2C99806A19975EB800306F1C /* parallaxController_SwiftTests.swift in Sources */,
			);
			runOnlyForDeploymentPostprocessing = 0;
		};
/* End PBXSourcesBuildPhase section */

/* Begin PBXTargetDependency section */
		2C99806519975EB800306F1C /* PBXTargetDependency */ = {
			isa = PBXTargetDependency;
			target = 2C99805019975EB700306F1C /* parallaxController_Swift */;
			targetProxy = 2C99806419975EB800306F1C /* PBXContainerItemProxy */;
		};
/* End PBXTargetDependency section */

/* Begin PBXVariantGroup section */
		2C99805A19975EB700306F1C /* Main.storyboard */ = {
			isa = PBXVariantGroup;
			children = (
				2C99805B19975EB700306F1C /* Base */,
			);
			name = Main.storyboard;
			sourceTree = "<group>";
		};
/* End PBXVariantGroup section */

/* Begin XCBuildConfiguration section */
		2C99806B19975EB800306F1C /* Debug */ = {
			isa = XCBuildConfiguration;
			buildSettings = {
				ALWAYS_SEARCH_USER_PATHS = NO;
				CLANG_CXX_LANGUAGE_STANDARD = "gnu++0x";
				CLANG_CXX_LIBRARY = "libc++";
				CLANG_ENABLE_MODULES = YES;
				CLANG_ENABLE_OBJC_ARC = YES;
				CLANG_WARN_BOOL_CONVERSION = YES;
				CLANG_WARN_CONSTANT_CONVERSION = YES;
				CLANG_WARN_DIRECT_OBJC_ISA_USAGE = YES_ERROR;
				CLANG_WARN_EMPTY_BODY = YES;
				CLANG_WARN_ENUM_CONVERSION = YES;
				CLANG_WARN_INT_CONVERSION = YES;
				CLANG_WARN_OBJC_ROOT_CLASS = YES_ERROR;
				CLANG_WARN_UNREACHABLE_CODE = YES;
				CLANG_WARN__DUPLICATE_METHOD_MATCH = YES;
				"CODE_SIGN_IDENTITY[sdk=iphoneos*]" = "iPhone Developer";
				COPY_PHASE_STRIP = NO;
				ENABLE_STRICT_OBJC_MSGSEND = YES;
				GCC_C_LANGUAGE_STANDARD = gnu99;
				GCC_DYNAMIC_NO_PIC = NO;
				GCC_OPTIMIZATION_LEVEL = 0;
				GCC_PREPROCESSOR_DEFINITIONS = (
					"DEBUG=1",
					"$(inherited)",
				);
				GCC_SYMBOLS_PRIVATE_EXTERN = NO;
				GCC_WARN_64_TO_32_BIT_CONVERSION = YES;
				GCC_WARN_ABOUT_RETURN_TYPE = YES_ERROR;
				GCC_WARN_UNDECLARED_SELECTOR = YES;
				GCC_WARN_UNINITIALIZED_AUTOS = YES_AGGRESSIVE;
				GCC_WARN_UNUSED_FUNCTION = YES;
				GCC_WARN_UNUSED_VARIABLE = YES;
				IPHONEOS_DEPLOYMENT_TARGET = 8.0;
				MTL_ENABLE_DEBUG_INFO = YES;
				ONLY_ACTIVE_ARCH = YES;
				SDKROOT = iphoneos;
				SWIFT_OPTIMIZATION_LEVEL = "-Onone";
			};
			name = Debug;
		};
		2C99806C19975EB800306F1C /* Release */ = {
			isa = XCBuildConfiguration;
			buildSettings = {
				ALWAYS_SEARCH_USER_PATHS = NO;
				CLANG_CXX_LANGUAGE_STANDARD = "gnu++0x";
				CLANG_CXX_LIBRARY = "libc++";
				CLANG_ENABLE_MODULES = YES;
				CLANG_ENABLE_OBJC_ARC = YES;
				CLANG_WARN_BOOL_CONVERSION = YES;
				CLANG_WARN_CONSTANT_CONVERSION = YES;
				CLANG_WARN_DIRECT_OBJC_ISA_USAGE = YES_ERROR;
				CLANG_WARN_EMPTY_BODY = YES;
				CLANG_WARN_ENUM_CONVERSION = YES;
				CLANG_WARN_INT_CONVERSION = YES;
				CLANG_WARN_OBJC_ROOT_CLASS = YES_ERROR;
				CLANG_WARN_UNREACHABLE_CODE = YES;
				CLANG_WARN__DUPLICATE_METHOD_MATCH = YES;
				"CODE_SIGN_IDENTITY[sdk=iphoneos*]" = "iPhone Developer";
				COPY_PHASE_STRIP = YES;
				ENABLE_NS_ASSERTIONS = NO;
				ENABLE_STRICT_OBJC_MSGSEND = YES;
				GCC_C_LANGUAGE_STANDARD = gnu99;
				GCC_WARN_64_TO_32_BIT_CONVERSION = YES;
				GCC_WARN_ABOUT_RETURN_TYPE = YES_ERROR;
				GCC_WARN_UNDECLARED_SELECTOR = YES;
				GCC_WARN_UNINITIALIZED_AUTOS = YES_AGGRESSIVE;
				GCC_WARN_UNUSED_FUNCTION = YES;
				GCC_WARN_UNUSED_VARIABLE = YES;
				IPHONEOS_DEPLOYMENT_TARGET = 8.0;
				MTL_ENABLE_DEBUG_INFO = NO;
				SDKROOT = iphoneos;
				VALIDATE_PRODUCT = YES;
			};
			name = Release;
		};
		2C99806E19975EB800306F1C /* Debug */ = {
			isa = XCBuildConfiguration;
			buildSettings = {
				ASSETCATALOG_COMPILER_APPICON_NAME = AppIcon;
				ASSETCATALOG_COMPILER_LAUNCHIMAGE_NAME = LaunchImage;
				INFOPLIST_FILE = parallaxController_Swift/Info.plist;
				LD_RUNPATH_SEARCH_PATHS = "$(inherited) @executable_path/Frameworks";
				PRODUCT_NAME = "$(TARGET_NAME)";
			};
			name = Debug;
		};
		2C99806F19975EB800306F1C /* Release */ = {
			isa = XCBuildConfiguration;
			buildSettings = {
				ASSETCATALOG_COMPILER_APPICON_NAME = AppIcon;
				ASSETCATALOG_COMPILER_LAUNCHIMAGE_NAME = LaunchImage;
				INFOPLIST_FILE = parallaxController_Swift/Info.plist;
				LD_RUNPATH_SEARCH_PATHS = "$(inherited) @executable_path/Frameworks";
				PRODUCT_NAME = "$(TARGET_NAME)";
			};
			name = Release;
		};
		2C99807119975EB800306F1C /* Debug */ = {
			isa = XCBuildConfiguration;
			buildSettings = {
				BUNDLE_LOADER = "$(TEST_HOST)";
				FRAMEWORK_SEARCH_PATHS = (
					"$(SDKROOT)/Developer/Library/Frameworks",
					"$(inherited)",
				);
				GCC_PREPROCESSOR_DEFINITIONS = (
					"DEBUG=1",
					"$(inherited)",
				);
				INFOPLIST_FILE = parallaxController_SwiftTests/Info.plist;
				LD_RUNPATH_SEARCH_PATHS = "$(inherited) @executable_path/Frameworks @loader_path/Frameworks";
				PRODUCT_NAME = "$(TARGET_NAME)";
				TEST_HOST = "$(BUILT_PRODUCTS_DIR)/parallaxController_Swift.app/parallaxController_Swift";
			};
			name = Debug;
		};
		2C99807219975EB800306F1C /* Release */ = {
			isa = XCBuildConfiguration;
			buildSettings = {
				BUNDLE_LOADER = "$(TEST_HOST)";
				FRAMEWORK_SEARCH_PATHS = (
					"$(SDKROOT)/Developer/Library/Frameworks",
					"$(inherited)",
				);
				INFOPLIST_FILE = parallaxController_SwiftTests/Info.plist;
				LD_RUNPATH_SEARCH_PATHS = "$(inherited) @executable_path/Frameworks @loader_path/Frameworks";
				PRODUCT_NAME = "$(TARGET_NAME)";
				TEST_HOST = "$(BUILT_PRODUCTS_DIR)/parallaxController_Swift.app/parallaxController_Swift";
			};
			name = Release;
		};
/* End XCBuildConfiguration section */

/* Begin XCConfigurationList section */
		2C99804C19975EB700306F1C /* Build configuration list for PBXProject "parallaxController_Swift" */ = {
			isa = XCConfigurationList;
			buildConfigurations = (
				2C99806B19975EB800306F1C /* Debug */,
				2C99806C19975EB800306F1C /* Release */,
			);
			defaultConfigurationIsVisible = 0;
			defaultConfigurationName = Release;
		};
		2C99806D19975EB800306F1C /* Build configuration list for PBXNativeTarget "parallaxController_Swift" */ = {
			isa = XCConfigurationList;
			buildConfigurations = (
				2C99806E19975EB800306F1C /* Debug */,
				2C99806F19975EB800306F1C /* Release */,
			);
			defaultConfigurationIsVisible = 0;
			defaultConfigurationName = Release;
		};
		2C99807019975EB800306F1C /* Build configuration list for PBXNativeTarget "parallaxController_SwiftTests" */ = {
			isa = XCConfigurationList;
			buildConfigurations = (
				2C99807119975EB800306F1C /* Debug */,
				2C99807219975EB800306F1C /* Release */,
			);
			defaultConfigurationIsVisible = 0;
			defaultConfigurationName = Release;
		};
/* End XCConfigurationList section */
	};
	rootObject = 2C99804919975EB700306F1C /* Project object */;
}
